
Microsoft Visual Studio Solution File, Format Version 12.00
# Visual Studio Version 17
VisualStudioVersion = 17.12.35506.116 d17.12
MinimumVisualStudioVersion = 10.0.40219.1
Project("{FAE04EC0-301F-11D3-BF4B-00C04F79EFBC}") = "Gomoku", "Gomoku\Gomoku.csproj", "{C302C22B-5F29-4A65-B1D9-97A02AB78F48}"
EndProject
Project("{FAE04EC0-301F-11D3-BF4B-00C04F79EFBC}") = "GomokuGame", "GomokuGame\GomokuGame.csproj", "{95A4BEBF-4A1B-4A08-B468-E5B12AC4F64B}"
EndProject
Project("{FAE04EC0-301F-11D3-BF4B-00C04F79EFBC}") = "GomokuAI", "GomokuAI\GomokuAI.csproj", "{A4E4C82A-012C-4975-A457-96FEE4B616CD}"
EndProject
Global
	GlobalSection(SolutionConfigurationPlatforms) = preSolution
		Debug|Any CPU = Debug|Any CPU
		Release|Any CPU = Release|Any CPU
	EndGlobalSection
	GlobalSection(ProjectConfigurationPlatforms) = postSolution
		{C302C22B-5F29-4A65-B1D9-97A02AB78F48}.Debug|Any CPU.ActiveCfg = Debug|Any CPU
		{C302C22B-5F29-4A65-B1D9-97A02AB78F48}.Debug|Any CPU.Build.0 = Debug|Any CPU
		{C302C22B-5F29-4A65-B1D9-97A02AB78F48}.Release|Any CPU.ActiveCfg = Release|Any CPU
		{C302C22B-5F29-4A65-B1D9-97A02AB78F48}.Release|Any CPU.Build.0 = Release|Any CPU
		{95A4BEBF-4A1B-4A08-B468-E5B12AC4F64B}.Debug|Any CPU.ActiveCfg = Debug|Any CPU
		{95A4BEBF-4A1B-4A08-B468-E5B12AC4F64B}.Debug|Any CPU.Build.0 = Debug|Any CPU
		{95A4BEBF-4A1B-4A08-B468-E5B12AC4F64B}.Release|Any CPU.ActiveCfg = Release|Any CPU
		{95A4BEBF-4A1B-4A08-B468-E5B12AC4F64B}.Release|Any CPU.Build.0 = Release|Any CPU
		{A4E4C82A-012C-4975-A457-96FEE4B616CD}.Debug|Any CPU.ActiveCfg = Debug|Any CPU
		{A4E4C82A-012C-4975-A457-96FEE4B616CD}.Debug|Any CPU.Build.0 = Debug|Any CPU
		{A4E4C82A-012C-4975-A457-96FEE4B616CD}.Release|Any CPU.ActiveCfg = Release|Any CPU
		{A4E4C82A-012C-4975-A457-96FEE4B616CD}.Release|Any CPU.Build.0 = Release|Any CPU
	EndGlobalSection
	GlobalSection(SolutionProperties) = preSolution
		HideSolutionNode = FALSE
	EndGlobalSection
EndGlobal
